// !$*UTF8*$!
{
	archiveVersion = 1;
	classes = {
	};
	objectVersion = 77;
	objects = {

/* Begin PBXBuildFile section */
		AA69F9E92F8733720019FD90 /* COMMIT_MESSAGE_PREMIUM_UX.md in Resources */ = {isa = PBXBuildFile; fileRef = AA69F9E82F8733720019FD90 /* COMMIT_MESSAGE_PREMIUM_UX.md */; };
		AA69F9EB2F87337F0019FD90 /* GIT_COMMIT_MESSAGE.txt in Resources */ = {isa = PBXBuildFile; fileRef = AA69F9EA2F87337F0019FD90 /* GIT_COMMIT_MESSAGE.txt */; };
		AA8CB2752F76AB5A00D7FAC8 /* DocumentPersistence.swift in Sources */ = {isa = PBXBuildFile; fileRef = AA8CB2742F76AB5A00D7FAC8 /* DocumentPersistence.swift */; };
		AAB939F72F7FE3D5002BE08B /* TEST_PLAN.md in Resources */ = {isa = PBXBuildFile; fileRef = AAB939F62F7FE3D5002BE08B /* TEST_PLAN.md */; };
		AAB939FF2F7FE49A002BE08B /* .githubISSUE_TEMPLATEbug_report.md in Resources */ = {isa = PBXBuildFile; fileRef = AAB939FE2F7FE49A002BE08B /* .githubISSUE_TEMPLATEbug_report.md */; };
		AAB93A012F7FE4A6002BE08B /* .githubISSUE_TEMPLATEfeature_request.md in Resources */ = {isa = PBXBuildFile; fileRef = AAB93A002F7FE4A6002BE08B /* .githubISSUE_TEMPLATEfeature_request.md */; };
		AAB93A032F7FE4DC002BE08B /* COMMIT_MESSAGE.md in Resources */ = {isa = PBXBuildFile; fileRef = AAB93A022F7FE4DC002BE08B /* COMMIT_MESSAGE.md */; };
		AAB93A092F7FE69B002BE08B /* TEST_SETUP.md in Resources */ = {isa = PBXBuildFile; fileRef = AAB93A082F7FE69B002BE08B /* TEST_SETUP.md */; };
		AADAB9932F7C206A00F06E0A /* Products.storekit in Resources */ = {isa = PBXBuildFile; fileRef = AADAB9922F7C206A00F06E0A /* Products.storekit */; };
/* End PBXBuildFile section */

/* Begin PBXContainerItemProxy section */
		AABCB7FF2F75BB980060B234 /* PBXContainerItemProxy */ = {
			isa = PBXContainerItemProxy;
			containerPortal = AABCB7E92F75BB970060B234 /* Project object */;
			proxyType = 1;
			remoteGlobalIDString = AABCB7F02F75BB970060B234;
			remoteInfo = CodeEditor;
		};
		AABCB8092F75BB980060B234 /* PBXContainerItemProxy */ = {
			isa = PBXContainerItemProxy;
			containerPortal = AABCB7E92F75BB970060B234 /* Project object */;
			proxyType = 1;
			remoteGlobalIDString = AABCB7F02F75BB970060B234;
			remoteInfo = CodeEditor;
		};
/* End PBXContainerItemProxy section */

/* Begin PBXFileReference section */
		AA69F9E82F8733720019FD90 /* COMMIT_MESSAGE_PREMIUM_UX.md */ = {isa = PBXFileReference; lastKnownFileType = net.daringfireball.markdown; path = COMMIT_MESSAGE_PREMIUM_UX.md; sourceTree = "<group>"; };
		AA69F9EA2F87337F0019FD90 /* GIT_COMMIT_MESSAGE.txt */ = {isa = PBXFileReference; lastKnownFileType = text; path = GIT_COMMIT_MESSAGE.txt; sourceTree = "<group>"; };
		AA8CB2742F76AB5A00D7FAC8 /* DocumentPersistence.swift */ = {isa = PBXFileReference; lastKnownFileType = sourcecode.swift; path = DocumentPersistence.swift; sourceTree = "<group>"; };
		AAB939F62F7FE3D5002BE08B /* TEST_PLAN.md */ = {isa = PBXFileReference; lastKnownFileType = net.daringfireball.markdown; path = TEST_PLAN.md; sourceTree = "<group>"; };
		AAB939FE2F7FE49A002BE08B /* .githubISSUE_TEMPLATEbug_report.md */ = {isa = PBXFileReference; lastKnownFileType = net.daringfireball.markdown; path = .githubISSUE_TEMPLATEbug_report.md; sourceTree = "<group>"; };
		AAB93A002F7FE4A6002BE08B /* .githubISSUE_TEMPLATEfeature_request.md */ = {isa = PBXFileReference; lastKnownFileType = net.daringfireball.markdown; path = .githubISSUE_TEMPLATEfeature_request.md; sourceTree = "<group>"; };
		AAB93A022F7FE4DC002BE08B /* COMMIT_MESSAGE.md */ = {isa = PBXFileReference; lastKnownFileType = net.daringfireball.markdown; path = COMMIT_MESSAGE.md; sourceTree = "<group>"; };
		AAB93A082F7FE69B002BE08B /* TEST_SETUP.md */ = {isa = PBXFileReference; lastKnownFileType = net.daringfireball.markdown; path = TEST_SETUP.md; sourceTree = "<group>"; };
		AABCB7F12F75BB970060B234 /* Clarity Code Edit.app */ = {isa = PBXFileReference; explicitFileType = wrapper.application; includeInIndex = 0; path = "Clarity Code Edit.app"; sourceTree = BUILT_PRODUCTS_DIR; };
		AABCB7FE2F75BB980060B234 /* CodeEditorTests.xctest */ = {isa = PBXFileReference; explicitFileType = wrapper.cfbundle; includeInIndex = 0; path = CodeEditorTests.xctest; sourceTree = BUILT_PRODUCTS_DIR; };
		AABCB8082F75BB980060B234 /* CodeEditorUITests.xctest */ = {isa = PBXFileReference; explicitFileType = wrapper.cfbundle; includeInIndex = 0; path = CodeEditorUITests.xctest; sourceTree = BUILT_PRODUCTS_DIR; };
		AADAB9922F7C206A00F06E0A /* Products.storekit */ = {isa = PBXFileReference; lastKnownFileType = text; path = Products.storekit; sourceTree = "<group>"; };
/* End PBXFileReference section */

/* Begin PBXFileSystemSynchronizedBuildFileExceptionSet section */
		AA78D6E02F86DC7600E21945 /* Exceptions for "CodeEditor" folder in "CodeEditor" target */ = {
			isa = PBXFileSystemSynchronizedBuildFileExceptionSet;
			membershipExceptions = (
				Info.plist,
				LanguageDetector.swift,
			);
			target = AABCB7F02F75BB970060B234 /* CodeEditor */;
		};
/* End PBXFileSystemSynchronizedBuildFileExceptionSet section */

/* Begin PBXFileSystemSynchronizedGroupBuildPhaseMembershipExceptionSet section */
		AA69F9EE2F89CB6B0019FD90 /* Exceptions for "CodeEditor" folder in "Copy Bundle Resources" phase from "CodeEditor" target */ = {
			isa = PBXFileSystemSynchronizedGroupBuildPhaseMembershipExceptionSet;
			buildPhase = AABCB7EF2F75BB970060B234 /* Resources */;
			membershipExceptions = (
				LanguageDetector.swift,
			);
		};
/* End PBXFileSystemSynchronizedGroupBuildPhaseMembershipExceptionSet section */

/* Begin PBXFileSystemSynchronizedRootGroup section */
		AABCB7F32F75BB970060B234 /* CodeEditor */ = {
			isa = PBXFileSystemSynchronizedRootGroup;
			exceptions = (
				AA78D6E02F86DC7600E21945 /* Exceptions for "CodeEditor" folder in "CodeEditor" target */,
				AA69F9EE2F89CB6B0019FD90 /* Exceptions for "CodeEditor" folder in "Copy Bundle Resources" phase from "CodeEditor" target */,
			);
			path = CodeEditor;
			sourceTree = "<group>";
		};
/* End PBXFileSystemSynchronizedRootGroup section */

/* Begin PBXFrameworksBuildPhase section */
		AABCB7EE2F75BB970060B234 /* Frameworks */ = {
			isa = PBXFrameworksBuildPhase;
			buildActionMask = 2147483647;
			files = (
			);
			runOnlyForDeploymentPostprocessing = 0;
		};
		AABCB7FB2F75BB980060B234 /* Frameworks */ = {
			isa = PBXFrameworksBuildPhase;
			buildActionMask = 2147483647;
			files = (
			);
			runOnlyForDeploymentPostprocessing = 0;
		};
		AABCB8052F75BB980060B234 /* Frameworks */ = {
			isa = PBXFrameworksBuildPhase;
			buildActionMask = 2147483647;
			files = (
			);
			runOnlyForDeploymentPostprocessing = 0;
		};
/* End PBXFrameworksBuildPhase section */

/* Begin PBXGroup section */
		AABCB7E82F75BB970060B234 = {
			isa = PBXGroup;
			children = (
				AADAB9922F7C206A00F06E0A /* Products.storekit */,
				AABCB7F32F75BB970060B234 /* CodeEditor */,
				AABCB7F22F75BB970060B234 /* Products */,
				AA8CB2742F76AB5A00D7FAC8 /* DocumentPersistence.swift */,
				AAB939F62F7FE3D5002BE08B /* TEST_PLAN.md */,
				AAB939FE2F7FE49A002BE08B /* .githubISSUE_TEMPLATEbug_report.md */,
				AAB93A002F7FE4A6002BE08B /* .githubISSUE_TEMPLATEfeature_request.md */,
				AAB93A022F7FE4DC002BE08B /* COMMIT_MESSAGE.md */,
				AAB93A082F7FE69B002BE08B /* TEST_SETUP.md */,
				AA69F9E82F8733720019FD90 /* COMMIT_MESSAGE_PREMIUM_UX.md */,
				AA69F9EA2F87337F0019FD90 /* GIT_COMMIT_MESSAGE.txt */,
			);
			sourceTree = "<group>";
		};
		AABCB7F22F75BB970060B234 /* Products */ = {
			isa = PBXGroup;
			children = (
				AABCB7F12F75BB970060B234 /* Clarity Code Edit.app */,
				AABCB7FE2F75BB980060B234 /* CodeEditorTests.xctest */,
				AABCB8082F75BB980060B234 /* CodeEditorUITests.xctest */,
			);
			name = Products;
			sourceTree = "<group>";
		};
/* End PBXGroup section */

/* Begin PBXNativeTarget section */
		AABCB7F02F75BB970060B234 /* CodeEditor */ = {
			isa = PBXNativeTarget;
			buildConfigurationList = AABCB8122F75BB980060B234 /* Build configuration list for PBXNativeTarget "CodeEditor" */;
			buildPhases = (
				AABCB7ED2F75BB970060B234 /* Sources */,
				AABCB7EE2F75BB970060B234 /* Frameworks */,
				AABCB7EF2F75BB970060B234 /* Resources */,
			);
			buildRules = (
			);
			dependencies = (
			);
			fileSystemSynchronizedGroups = (
				AABCB7F32F75BB970060B234 /* CodeEditor */,
			);
			name = CodeEditor;
			packageProductDependencies = (
			);
			productName = CodeEditor;
			productReference = AABCB7F12F75BB970060B234 /* Clarity Code Edit.app */;
			productType = "com.apple.product-type.application";
		};
		AABCB7FD2F75BB980060B234 /* CodeEditorTests */ = {
			isa = PBXNativeTarget;
			buildConfigurationList = AABCB8152F75BB980060B234 /* Build configuration list for PBXNativeTarget "CodeEditorTests" */;
			buildPhases = (
				AABCB7FA2F75BB980060B234 /* Sources */,
				AABCB7FB2F75BB980060B234 /* Frameworks */,
				AABCB7FC2F75BB980060B234 /* Resources */,
			);
			buildRules = (
			);
			dependencies = (
				AABCB8002F75BB980060B234 /* PBXTargetDependency */,
			);
			name = CodeEditorTests;
			packageProductDependencies = (
			);
			productName = CodeEditorTests;
			productReference = AABCB7FE2F75BB980060B234 /* CodeEditorTests.xctest */;
			productType = "com.apple.product-type.bundle.unit-test";
		};
		AABCB8072F75BB980060B234 /* CodeEditorUITests */ = {
			isa = PBXNativeTarget;
			buildConfigurationList = AABCB8182F75BB980060B234 /* Build configuration list for PBXNativeTarget "CodeEditorUITests" */;
			buildPhases = (
				AABCB8042F75BB980060B234 /* Sources */,
				AABCB8052F75BB980060B234 /* Frameworks */,
				AABCB8062F75BB980060B234 /* Resources */,
			);
			buildRules = (
			);
			dependencies = (
				AABCB80A2F75BB980060B234 /* PBXTargetDependency */,
			);
			name = CodeEditorUITests;
			packageProductDependencies = (
			);
			productName = CodeEditorUITests;
			productReference = AABCB8082F75BB980060B234 /* CodeEditorUITests.xctest */;
			productType = "com.apple.product-type.bundle.ui-testing";
		};
/* End PBXNativeTarget section */

/* Begin PBXProject section */
		AABCB7E92F75BB970060B234 /* Project object */ = {
			isa = PBXProject;
			attributes = {
				BuildIndependentTargetsInParallel = 1;
				LastSwiftUpdateCheck = 2610;
				LastUpgradeCheck = 2610;
				TargetAttributes = {
					AABCB7F02F75BB970060B234 = {
						CreatedOnToolsVersion = 26.1.1;
					};
					AABCB7FD2F75BB980060B234 = {
						CreatedOnToolsVersion = 26.1.1;
						TestTargetID = AABCB7F02F75BB970060B234;
					};
					AABCB8072F75BB980060B234 = {
						CreatedOnToolsVersion = 26.1.1;
						TestTargetID = AABCB7F02F75BB970060B234;
					};
				};
			};
			buildConfigurationList = AABCB7EC2F75BB970060B234 /* Build configuration list for PBXProject "CodeEditor" */;
			developmentRegion = en;
			hasScannedForEncodings = 0;
			knownRegions = (
				en,
				Base,
			);
			mainGroup = AABCB7E82F75BB970060B234;
			minimizedProjectReferenceProxies = 1;
			preferredProjectObjectVersion = 77;
			productRefGroup = AABCB7F22F75BB970060B234 /* Products */;
			projectDirPath = "";
			projectRoot = "";
			targets = (
				AABCB7F02F75BB970060B234 /* CodeEditor */,
				AABCB7FD2F75BB980060B234 /* CodeEditorTests */,
				AABCB8072F75BB980060B234 /* CodeEditorUITests */,
			);
		};
/* End PBXProject section */

/* Begin PBXResourcesBuildPhase section */
		AABCB7EF2F75BB970060B234 /* Resources */ = {
			isa = PBXResourcesBuildPhase;
			buildActionMask = 2147483647;
			files = (
				AAB93A012F7FE4A6002BE08B /* .githubISSUE_TEMPLATEfeature_request.md in Resources */,
				AAB939F72F7FE3D5002BE08B /* TEST_PLAN.md in Resources */,
				AA69F9EB2F87337F0019FD90 /* GIT_COMMIT_MESSAGE.txt in Resources */,
				AAB939FF2F7FE49A002BE08B /* .githubISSUE_TEMPLATEbug_report.md in Resources */,
				AAB93A032F7FE4DC002BE08B /* COMMIT_MESSAGE.md in Resources */,
				AA69F9E92F8733720019FD90 /* COMMIT_MESSAGE_PREMIUM_UX.md in Resources */,
				AADAB9932F7C206A00F06E0A /* Products.storekit in Resources */,
				AAB93A092F7FE69B002BE08B /* TEST_SETUP.md in Resources */,
			);
			runOnlyForDeploymentPostprocessing = 0;
		};
		AABCB7FC2F75BB980060B234 /* Resources */ = {
			isa = PBXResourcesBuildPhase;
			buildActionMask = 2147483647;
			files = (
			);
			runOnlyForDeploymentPostprocessing = 0;
		};
		AABCB8062F75BB980060B234 /* Resources */ = {
			isa = PBXResourcesBuildPhase;
			buildActionMask = 2147483647;
			files = (
			);
			runOnlyForDeploymentPostprocessing = 0;
		};
/* End PBXResourcesBuildPhase section */

/* Begin PBXSourcesBuildPhase section */
		AABCB7ED2F75BB970060B234 /* Sources */ = {
			isa = PBXSourcesBuildPhase;
			buildActionMask = 2147483647;
			files = (
				AA8CB2752F76AB5A00D7FAC8 /* DocumentPersistence.swift in Sources */,
			);
			runOnlyForDeploymentPostprocessing = 0;
		};
		AABCB7FA2F75BB980060B234 /* Sources */ = {
			isa = PBXSourcesBuildPhase;
			buildActionMask = 2147483647;
			files = (
			);
			runOnlyForDeploymentPostprocessing = 0;
		};
		AABCB8042F75BB980060B234 /* Sources */ = {
			isa = PBXSourcesBuildPhase;
			buildActionMask = 2147483647;
			files = (
			);
			runOnlyForDeploymentPostprocessing = 0;
		};
/* End PBXSourcesBuildPhase section */

/* Begin PBXTargetDependency section */
		AABCB8002F75BB980060B234 /* PBXTargetDependency */ = {
			isa = PBXTargetDependency;
			target = AABCB7F02F75BB970060B234 /* CodeEditor */;
			targetProxy = AABCB7FF2F75BB980060B234 /* PBXContainerItemProxy */;
		};
		AABCB80A2F75BB980060B234 /* PBXTargetDependency */ = {
			isa = PBXTargetDependency;
			target = AABCB7F02F75BB970060B234 /* CodeEditor */;
			targetProxy = AABCB8092F75BB980060B234 /* PBXContainerItemProxy */;
		};
/* End PBXTargetDependency section */

/* Begin XCBuildConfiguration section */
		AABCB8102F75BB980060B234 /* Debug */ = {
			isa = XCBuildConfiguration;
			buildSettings = {
				ALWAYS_SEARCH_USER_PATHS = NO;
				ASSETCATALOG_COMPILER_GENERATE_SWIFT_ASSET_SYMBOL_EXTENSIONS = YES;
				CLANG_ANALYZER_NONNULL = YES;
				CLANG_ANALYZER_NUMBER_OBJECT_CONVERSION = YES_AGGRESSIVE;
				CLANG_CXX_LANGUAGE_STANDARD = "gnu++20";
				CLANG_ENABLE_MODULES = YES;
				CLANG_ENABLE_OBJC_ARC = YES;
				CLANG_ENABLE_OBJC_WEAK = YES;
				CLANG_WARN_BLOCK_CAPTURE_AUTORELEASING = YES;
				CLANG_WARN_BOOL_CONVERSION = YES;
				CLANG_WARN_COMMA = YES;
				CLANG_WARN_CONSTANT_CONVERSION = YES;
				CLANG_WARN_DEPRECATED_OBJC_IMPLEMENTATIONS = YES;
				CLANG_WARN_DIRECT_OBJC_ISA_USAGE = YES_ERROR;
				CLANG_WARN_DOCUMENTATION_COMMENTS = YES;
				CLANG_WARN_EMPTY_BODY = YES;
				CLANG_WARN_ENUM_CONVERSION = YES;
				CLANG_WARN_INFINITE_RECURSION = YES;
				CLANG_WARN_INT_CONVERSION = YES;
				CLANG_WARN_NON_LITERAL_NULL_CONVERSION = YES;
				CLANG_WARN_OBJC_IMPLICIT_RETAIN_SELF = YES;
				CLANG_WARN_OBJC_LITERAL_CONVERSION = YES;
				CLANG_WARN_OBJC_ROOT_CLASS = YES_ERROR;
				CLANG_WARN_QUOTED_INCLUDE_IN_FRAMEWORK_HEADER = YES;
				CLANG_WARN_RANGE_LOOP_ANALYSIS = YES;
				CLANG_WARN_STRICT_PROTOTYPES = YES;
				CLANG_WARN_SUSPICIOUS_MOVE = YES;
				CLANG_WARN_UNGUARDED_AVAILABILITY = YES_AGGRESSIVE;
				CLANG_WARN_UNREACHABLE_CODE = YES;
				CLANG_WARN__DUPLICATE_METHOD_MATCH = YES;
				COPY_PHASE_STRIP = NO;
				DEBUG_INFORMATION_FORMAT = dwarf;
				ENABLE_STRICT_OBJC_MSGSEND = YES;
				ENABLE_TESTABILITY = YES;
				ENABLE_USER_SCRIPT_SANDBOXING = YES;
				GCC_C_LANGUAGE_STANDARD = gnu17;
				GCC_DYNAMIC_NO_PIC = NO;
				GCC_NO_COMMON_BLOCKS = YES;
				GCC_OPTIMIZATION_LEVEL = 0;
				GCC_PREPROCESSOR_DEFINITIONS = (
					"DEBUG=1",
					"$(inherited)",
				);
				GCC_WARN_64_TO_32_BIT_CONVERSION = YES;
				GCC_WARN_ABOUT_RETURN_TYPE = YES_ERROR;
				GCC_WARN_UNDECLARED_SELECTOR = YES;
				GCC_WARN_UNINITIALIZED_AUTOS = YES_AGGRESSIVE;
				GCC_WARN_UNUSED_FUNCTION = YES;
				GCC_WARN_UNUSED_VARIABLE = YES;
				LOCALIZATION_PREFERS_STRING_CATALOGS = YES;
				MACOSX_DEPLOYMENT_TARGET = 26.1;
				MTL_ENABLE_DEBUG_INFO = INCLUDE_SOURCE;
				MTL_FAST_MATH = YES;
				ONLY_ACTIVE_ARCH = YES;
				SDKROOT = macosx;
				SWIFT_ACTIVE_COMPILATION_CONDITIONS = "DEBUG $(inherited)";
				SWIFT_OPTIMIZATION_LEVEL = "-Onone";
			};
			name = Debug;
		};
		AABCB8112F75BB980060B234 /* Release */ = {
			isa = XCBuildConfiguration;
			buildSettings = {
				ALWAYS_SEARCH_USER_PATHS = NO;
				ASSETCATALOG_COMPILER_GENERATE_SWIFT_ASSET_SYMBOL_EXTENSIONS = YES;
				CLANG_ANALYZER_NONNULL = YES;
				CLANG_ANALYZER_NUMBER_OBJECT_CONVERSION = YES_AGGRESSIVE;
				CLANG_CXX_LANGUAGE_STANDARD = "gnu++20";
				CLANG_ENABLE_MODULES = YES;
				CLANG_ENABLE_OBJC_ARC = YES;
				CLANG_ENABLE_OBJC_WEAK = YES;
				CLANG_WARN_BLOCK_CAPTURE_AUTORELEASING = YES;
				CLANG_WARN_BOOL_CONVERSION = YES;
				CLANG_WARN_COMMA = YES;
				CLANG_WARN_CONSTANT_CONVERSION = YES;
				CLANG_WARN_DEPRECATED_OBJC_IMPLEMENTATIONS = YES;
				CLANG_WARN_DIRECT_OBJC_ISA_USAGE = YES_ERROR;
				CLANG_WARN_DOCUMENTATION_COMMENTS = YES;
				CLANG_WARN_EMPTY_BODY = YES;
				CLANG_WARN_ENUM_CONVERSION = YES;
				CLANG_WARN_INFINITE_RECURSION = YES;
				CLANG_WARN_INT_CONVERSION = YES;
				CLANG_WARN_NON_LITERAL_NULL_CONVERSION = YES;
				CLANG_WARN_OBJC_IMPLICIT_RETAIN_SELF = YES;
				CLANG_WARN_OBJC_LITERAL_CONVERSION = YES;
				CLANG_WARN_OBJC_ROOT_CLASS = YES_ERROR;
				CLANG_WARN_QUOTED_INCLUDE_IN_FRAMEWORK_HEADER = YES;
				CLANG_WARN_RANGE_LOOP_ANALYSIS = YES;
				CLANG_WARN_STRICT_PROTOTYPES = YES;
				CLANG_WARN_SUSPICIOUS_MOVE = YES;
				CLANG_WARN_UNGUARDED_AVAILABILITY = YES_AGGRESSIVE;
				CLANG_WARN_UNREACHABLE_CODE = YES;
				CLANG_WARN__DUPLICATE_METHOD_MATCH = YES;
				COPY_PHASE_STRIP = NO;
				DEBUG_INFORMATION_FORMAT = "dwarf-with-dsym";
				ENABLE_NS_ASSERTIONS = NO;
				ENABLE_STRICT_OBJC_MSGSEND = YES;
				ENABLE_TESTABILITY = YES;
				ENABLE_USER_SCRIPT_SANDBOXING = YES;
				GCC_C_LANGUAGE_STANDARD = gnu17;
				GCC_NO_COMMON_BLOCKS = YES;
				GCC_WARN_64_TO_32_BIT_CONVERSION = YES;
				GCC_WARN_ABOUT_RETURN_TYPE = YES_ERROR;
				GCC_WARN_UNDECLARED_SELECTOR = YES;
				GCC_WARN_UNINITIALIZED_AUTOS = YES_AGGRESSIVE;
				GCC_WARN_UNUSED_FUNCTION = YES;
				GCC_WARN_UNUSED_VARIABLE = YES;
				LOCALIZATION_PREFERS_STRING_CATALOGS = YES;
				MACOSX_DEPLOYMENT_TARGET = 26.1;
				MTL_ENABLE_DEBUG_INFO = NO;
				MTL_FAST_MATH = YES;
				SDKROOT = macosx;
				SWIFT_COMPILATION_MODE = wholemodule;
			};
			name = Release;
		};
		AABCB8132F75BB980060B234 /* Debug */ = {
			isa = XCBuildConfiguration;
			buildSettings = {
				ASSETCATALOG_COMPILER_APPICON_NAME = AppIcon;
				ASSETCATALOG_COMPILER_GLOBAL_ACCENT_COLOR_NAME = AccentColor;
				AUTOMATION_APPLE_EVENTS = NO;
				CODE_SIGN_STYLE = Automatic;
				COMBINE_HIDPI_IMAGES = YES;
				CURRENT_PROJECT_VERSION = 16;
				DEVELOPMENT_TEAM = 9H7GHNH7QG;
				ENABLE_APP_SANDBOX = YES;
				ENABLE_HARDENED_RUNTIME = YES;
				ENABLE_INCOMING_NETWORK_CONNECTIONS = NO;
				ENABLE_OUTGOING_NETWORK_CONNECTIONS = YES;
				ENABLE_PREVIEWS = YES;
				ENABLE_RESOURCE_ACCESS_AUDIO_INPUT = NO;
				ENABLE_RESOURCE_ACCESS_BLUETOOTH = NO;
				ENABLE_RESOURCE_ACCESS_CALENDARS = NO;
				ENABLE_RESOURCE_ACCESS_CAMERA = NO;
				ENABLE_RESOURCE_ACCESS_CONTACTS = NO;
				ENABLE_RESOURCE_ACCESS_LOCATION = NO;
				ENABLE_RESOURCE_ACCESS_PHOTO_LIBRARY = NO;
				ENABLE_RESOURCE_ACCESS_PRINTING = YES;
				ENABLE_RESOURCE_ACCESS_USB = NO;
				ENABLE_USER_SELECTED_FILES = readwrite;
				GENERATE_INFOPLIST_FILE = YES;
				INFOPLIST_FILE = CodeEditor/Info.plist;
				INFOPLIST_KEY_CFBundleDisplayName = "Clarity Code Edit";
				INFOPLIST_KEY_LSApplicationCategoryType = "public.app-category.developer-tools";
				INFOPLIST_KEY_NSHumanReadableCopyright = "";
				LD_RUNPATH_SEARCH_PATHS = (
					"$(inherited)",
					"@executable_path/../Frameworks",
				);
				MARKETING_VERSION = 1.3;
				PRODUCT_BUNDLE_IDENTIFIER = com.sonomaenterprises.ClarityCodeEdit;
				PRODUCT_NAME = "Clarity Code Edit";
				REGISTER_APP_GROUPS = YES;
				RUNTIME_EXCEPTION_ALLOW_DYLD_ENVIRONMENT_VARIABLES = NO;
				RUNTIME_EXCEPTION_ALLOW_JIT = NO;
				RUNTIME_EXCEPTION_ALLOW_UNSIGNED_EXECUTABLE_MEMORY = NO;
				RUNTIME_EXCEPTION_DEBUGGING_TOOL = NO;
				RUNTIME_EXCEPTION_DISABLE_EXECUTABLE_PAGE_PROTECTION = NO;
				RUNTIME_EXCEPTION_DISABLE_LIBRARY_VALIDATION = NO;
				STRING_CATALOG_GENERATE_SYMBOLS = YES;
				SWIFT_APPROACHABLE_CONCURRENCY = YES;
				SWIFT_DEFAULT_ACTOR_ISOLATION = MainActor;
				SWIFT_EMIT_LOC_STRINGS = YES;
				SWIFT_UPCOMING_FEATURE_MEMBER_IMPORT_VISIBILITY = YES;
				SWIFT_VERSION = 5.0;
			};
			name = Debug;
		};
		AABCB8142F75BB980060B234 /* Release */ = {
			isa = XCBuildConfiguration;
			buildSettings = {
				ASSETCATALOG_COMPILER_APPICON_NAME = AppIcon;
				ASSETCATALOG_COMPILER_GLOBAL_ACCENT_COLOR_NAME = AccentColor;
				AUTOMATION_APPLE_EVENTS = NO;
				CODE_SIGN_STYLE = Automatic;
				COMBINE_HIDPI_IMAGES = YES;
				CURRENT_PROJECT_VERSION = 16;
				DEVELOPMENT_TEAM = 9H7GHNH7QG;
				ENABLE_APP_SANDBOX = YES;
				ENABLE_HARDENED_RUNTIME = YES;
				ENABLE_INCOMING_NETWORK_CONNECTIONS = NO;
				ENABLE_OUTGOING_NETWORK_CONNECTIONS = YES;
				ENABLE_PREVIEWS = YES;
				ENABLE_RESOURCE_ACCESS_AUDIO_INPUT = NO;
				ENABLE_RESOURCE_ACCESS_BLUETOOTH = NO;
				ENABLE_RESOURCE_ACCESS_CALENDARS = NO;
				ENABLE_RESOURCE_ACCESS_CAMERA = NO;
				ENABLE_RESOURCE_ACCESS_CONTACTS = NO;
				ENABLE_RESOURCE_ACCESS_LOCATION = NO;
				ENABLE_RESOURCE_ACCESS_PHOTO_LIBRARY = NO;
				ENABLE_RESOURCE_ACCESS_PRINTING = YES;
				ENABLE_RESOURCE_ACCESS_USB = NO;
				ENABLE_USER_SELECTED_FILES = readwrite;
				GENERATE_INFOPLIST_FILE = YES;
				INFOPLIST_FILE = CodeEditor/Info.plist;
				INFOPLIST_KEY_CFBundleDisplayName = "Clarity Code Edit";
				INFOPLIST_KEY_LSApplicationCategoryType = "public.app-category.developer-tools";
				INFOPLIST_KEY_NSHumanReadableCopyright = "";
				LD_RUNPATH_SEARCH_PATHS = (
					"$(inherited)",
					"@executable_path/../Frameworks",
				);
				MARKETING_VERSION = 1.3;
				PRODUCT_BUNDLE_IDENTIFIER = com.sonomaenterprises.ClarityCodeEdit;
				PRODUCT_NAME = "Clarity Code Edit";
				REGISTER_APP_GROUPS = YES;
				RUNTIME_EXCEPTION_ALLOW_DYLD_ENVIRONMENT_VARIABLES = NO;
				RUNTIME_EXCEPTION_ALLOW_JIT = NO;
				RUNTIME_EXCEPTION_ALLOW_UNSIGNED_EXECUTABLE_MEMORY = NO;
				RUNTIME_EXCEPTION_DEBUGGING_TOOL = NO;
				RUNTIME_EXCEPTION_DISABLE_EXECUTABLE_PAGE_PROTECTION = NO;
				RUNTIME_EXCEPTION_DISABLE_LIBRARY_VALIDATION = NO;
				STRING_CATALOG_GENERATE_SYMBOLS = YES;
				SWIFT_APPROACHABLE_CONCURRENCY = YES;
				SWIFT_DEFAULT_ACTOR_ISOLATION = MainActor;
				SWIFT_EMIT_LOC_STRINGS = YES;
				SWIFT_UPCOMING_FEATURE_MEMBER_IMPORT_VISIBILITY = YES;
				SWIFT_VERSION = 5.0;
			};
			name = Release;
		};
		AABCB8162F75BB980060B234 /* Debug */ = {
			isa = XCBuildConfiguration;
			buildSettings = {
				BUNDLE_LOADER = "$(TEST_HOST)";
				CODE_SIGN_STYLE = Automatic;
				CURRENT_PROJECT_VERSION = 1;
				GENERATE_INFOPLIST_FILE = YES;
				MACOSX_DEPLOYMENT_TARGET = 26.1;
				MARKETING_VERSION = 1.0;
				PRODUCT_BUNDLE_IDENTIFIER = com.sonomaenterprises.CodeEditorTests;
				PRODUCT_NAME = "$(TARGET_NAME)";
				STRING_CATALOG_GENERATE_SYMBOLS = NO;
				SWIFT_APPROACHABLE_CONCURRENCY = YES;
				SWIFT_EMIT_LOC_STRINGS = NO;
				SWIFT_UPCOMING_FEATURE_MEMBER_IMPORT_VISIBILITY = YES;
				SWIFT_VERSION = 5.0;
				TEST_HOST = "$(BUILT_PRODUCTS_DIR)/CodeEditor.app/$(BUNDLE_EXECUTABLE_FOLDER_PATH)/CodeEditor";
			};
			name = Debug;
		};
		AABCB8172F75BB980060B234 /* Release */ = {
			isa = XCBuildConfiguration;
			buildSettings = {
				BUNDLE_LOADER = "$(TEST_HOST)";
				CODE_SIGN_STYLE = Automatic;
				CURRENT_PROJECT_VERSION = 1;
				GENERATE_INFOPLIST_FILE = YES;
				MACOSX_DEPLOYMENT_TARGET = 26.1;
				MARKETING_VERSION = 1.0;
				PRODUCT_BUNDLE_IDENTIFIER = com.sonomaenterprises.CodeEditorTests;
				PRODUCT_NAME = "$(TARGET_NAME)";
				STRING_CATALOG_GENERATE_SYMBOLS = NO;
				SWIFT_APPROACHABLE_CONCURRENCY = YES;
				SWIFT_EMIT_LOC_STRINGS = NO;
				SWIFT_UPCOMING_FEATURE_MEMBER_IMPORT_VISIBILITY = YES;
				SWIFT_VERSION = 5.0;
				TEST_HOST = "$(BUILT_PRODUCTS_DIR)/CodeEditor.app/$(BUNDLE_EXECUTABLE_FOLDER_PATH)/CodeEditor";
			};
			name = Release;
		};
		AABCB8192F75BB980060B234 /* Debug */ = {
			isa = XCBuildConfiguration;
			buildSettings = {
				CODE_SIGN_STYLE = Automatic;
				CURRENT_PROJECT_VERSION = 1;
				GENERATE_INFOPLIST_FILE = YES;
				MARKETING_VERSION = 1.0;
				PRODUCT_BUNDLE_IDENTIFIER = com.sonomaenterprises.CodeEditorUITests;
				PRODUCT_NAME = "$(TARGET_NAME)";
				STRING_CATALOG_GENERATE_SYMBOLS = NO;
				SWIFT_APPROACHABLE_CONCURRENCY = YES;
				SWIFT_EMIT_LOC_STRINGS = NO;
				SWIFT_UPCOMING_FEATURE_MEMBER_IMPORT_VISIBILITY = YES;
				SWIFT_VERSION = 5.0;
				TEST_TARGET_NAME = CodeEditor;
			};
			name = Debug;
		};
		AABCB81A2F75BB980060B234 /* Release */ = {
			isa = XCBuildConfiguration;
			buildSettings = {
				CODE_SIGN_STYLE = Automatic;
				CURRENT_PROJECT_VERSION = 1;
				GENERATE_INFOPLIST_FILE = YES;
				MARKETING_VERSION = 1.0;
				PRODUCT_BUNDLE_IDENTIFIER = com.sonomaenterprises.CodeEditorUITests;
				PRODUCT_NAME = "$(TARGET_NAME)";
				STRING_CATALOG_GENERATE_SYMBOLS = NO;
				SWIFT_APPROACHABLE_CONCURRENCY = YES;
				SWIFT_EMIT_LOC_STRINGS = NO;
				SWIFT_UPCOMING_FEATURE_MEMBER_IMPORT_VISIBILITY = YES;
				SWIFT_VERSION = 5.0;
				TEST_TARGET_NAME = CodeEditor;
			};
			name = Release;
		};
/* End XCBuildConfiguration section */

/* Begin XCConfigurationList section */
		AABCB7EC2F75BB970060B234 /* Build configuration list for PBXProject "CodeEditor" */ = {
			isa = XCConfigurationList;
			buildConfigurations = (
				AABCB8102F75BB980060B234 /* Debug */,
				AABCB8112F75BB980060B234 /* Release */,
			);
			defaultConfigurationIsVisible = 0;
			defaultConfigurationName = Release;
		};
		AABCB8122F75BB980060B234 /* Build configuration list for PBXNativeTarget "CodeEditor" */ = {
			isa = XCConfigurationList;
			buildConfigurations = (
				AABCB8132F75BB980060B234 /* Debug */,
				AABCB8142F75BB980060B234 /* Release */,
			);
			defaultConfigurationIsVisible = 0;
			defaultConfigurationName = Release;
		};
		AABCB8152F75BB980060B234 /* Build configuration list for PBXNativeTarget "CodeEditorTests" */ = {
			isa = XCConfigurationList;
			buildConfigurations = (
				AABCB8162F75BB980060B234 /* Debug */,
				AABCB8172F75BB980060B234 /* Release */,
			);
			defaultConfigurationIsVisible = 0;
			defaultConfigurationName = Release;
		};
		AABCB8182F75BB980060B234 /* Build configuration list for PBXNativeTarget "CodeEditorUITests" */ = {
			isa = XCConfigurationList;
			buildConfigurations = (
				AABCB8192F75BB980060B234 /* Debug */,
				AABCB81A2F75BB980060B234 /* Release */,
			);
			defaultConfigurationIsVisible = 0;
			defaultConfigurationName = Release;
		};
/* End XCConfigurationList section */
	};
	rootObject = AABCB7E92F75BB970060B234 /* Project object */;
}
